
Microsoft Visual Studio Solution File, Format Version 11.00
# Visual Studio 2010
Project("{8BC9CEB8-8B4A-11D0-8D11-00A0C91BC942}") = "LastLogonToolMFC", "LastLogonToolMFC\LastLogonToolMFC.vcxproj", "{CC61B409-0323-4CC2-AD1E-C108CC4BD3EC}"
EndProject
Global
	GlobalSection(SolutionConfigurationPlatforms) = preSolution
		Debug|Win32 = Debug|Win32
		Release|Win32 = Release|Win32
	EndGlobalSection
	GlobalSection(ProjectConfigurationPlatforms) = postSolution
		{CC61B409-0323-4CC2-AD1E-C108CC4BD3EC}.Debug|Win32.ActiveCfg = Debug|Win32
		{CC61B409-0323-4CC2-AD1E-C108CC4BD3EC}.Debug|Win32.Build.0 = Debug|Win32
		{CC61B409-0323-4CC2-AD1E-C108CC4BD3EC}.Release|Win32.ActiveCfg = Release|Win32
		{CC61B409-0323-4CC2-AD1E-C108CC4BD3EC}.Release|Win32.Build.0 = Release|Win32
	EndGlobalSection
	GlobalSection(SolutionProperties) = preSolution
		HideSolutionNode = FALSE
	EndGlobalSection
EndGlobal
