<?xml version="1.0" encoding="utf-8"?>
<Project ToolsVersion="4.0" xmlns="http://schemas.microsoft.com/developer/msbuild/2003">
  <ItemGroup>
    <Filter Include="Source Files">
      <UniqueIdentifier>{4FC737F1-C7A5-4376-A066-2A32D752A2FF}</UniqueIdentifier>
      <Extensions>cpp;c;cc;cxx;def;odl;idl;hpj;bat;asm;asmx</Extensions>
    </Filter>
    <Filter Include="Header Files">
      <UniqueIdentifier>{93995380-89BD-4b04-88EB-625FBE52EBFB}</UniqueIdentifier>
      <Extensions>h;hpp;hxx;hm;inl;inc;xsd</Extensions>
    </Filter>
    <Filter Include="Resource Files">
      <UniqueIdentifier>{67DA6AB6-F800-4c08-8B7A-83BB121AAD01}</UniqueIdentifier>
      <Extensions>rc;ico;cur;bmp;dlg;rc2;rct;bin;rgs;gif;jpg;jpeg;jpe;resx;tiff;tif;png;wav</Extensions>
    </Filter>
  </ItemGroup>
  <ItemGroup>
    <ClCompile Include="DateTime.cpp">
      <Filter>Source Files</Filter>
    </ClCompile>
    <ClCompile Include="DomainControllerLists.cpp">
      <Filter>Source Files</Filter>
    </ClCompile>
    <ClCompile Include="HyperLink.cpp">
      <Filter>Source Files</Filter>
    </ClCompile>
    <ClCompile Include="Label.cpp">
      <Filter>Source Files</Filter>
    </ClCompile>
    <ClCompile Include="lastlogonreport.cpp">
      <Filter>Source Files</Filter>
    </ClCompile>
    <ClCompile Include="LastLogonToolMFC.cpp">
      <Filter>Source Files</Filter>
    </ClCompile>
    <ClCompile Include="LastLogonToolMFCDlg.cpp">
      <Filter>Source Files</Filter>
    </ClCompile>
    <ClCompile Include="RegistryManager.cpp">
      <Filter>Source Files</Filter>
    </ClCompile>
    <ClCompile Include="stdafx.cpp">
      <Filter>Source Files</Filter>
    </ClCompile>
    <ClCompile Include="NewTimeZoneInfoManager.cpp">
      <Filter>Header Files</Filter>
    </ClCompile>
  </ItemGroup>
  <ItemGroup>
    <ClInclude Include="DateTime.h">
      <Filter>Header Files</Filter>
    </ClInclude>
    <ClInclude Include="DomainControllerLists.h">
      <Filter>Header Files</Filter>
    </ClInclude>
    <ClInclude Include="HyperLink.h">
      <Filter>Header Files</Filter>
    </ClInclude>
    <ClInclude Include="Label.h">
      <Filter>Header Files</Filter>
    </ClInclude>
    <ClInclude Include="lastlogonreport.h">
      <Filter>Header Files</Filter>
    </ClInclude>
    <ClInclude Include="LastLogonToolMFC.h">
      <Filter>Header Files</Filter>
    </ClInclude>
    <ClInclude Include="LastLogonToolMFCDlg.h">
      <Filter>Header Files</Filter>
    </ClInclude>
    <ClInclude Include="NewTimeZoneInfoManager.h">
      <Filter>Header Files</Filter>
    </ClInclude>
    <ClInclude Include="RegistryManager.h">
      <Filter>Header Files</Filter>
    </ClInclude>
    <ClInclude Include="Resource.h">
      <Filter>Header Files</Filter>
    </ClInclude>
    <ClInclude Include="stdafx.h">
      <Filter>Header Files</Filter>
    </ClInclude>
    <ClInclude Include="TimeZoneInfoManager.h">
      <Filter>Header Files</Filter>
    </ClInclude>
  </ItemGroup>
  <ItemGroup>
    <None Include="res\bitmap1.bmp">
      <Filter>Resource Files</Filter>
    </None>
    <None Include="res\bitmap2.bmp">
      <Filter>Resource Files</Filter>
    </None>
    <None Include="res\bmp00001.bmp">
      <Filter>Resource Files</Filter>
    </None>
    <None Include="res\bmp00002.bmp">
      <Filter>Resource Files</Filter>
    </None>
    <None Include="res\bmp00003.bmp">
      <Filter>Resource Files</Filter>
    </None>
    <None Include="res\bmp00004.bmp">
      <Filter>Resource Files</Filter>
    </None>
    <None Include="res\bmp00005.bmp">
      <Filter>Resource Files</Filter>
    </None>
    <None Include="res\bmp00006.bmp">
      <Filter>Resource Files</Filter>
    </None>
    <None Include="res\bmp00007.bmp">
      <Filter>Resource Files</Filter>
    </None>
    <None Include="res\bmp00008.bmp">
      <Filter>Resource Files</Filter>
    </None>
    <None Include="res\bmp00009.bmp">
      <Filter>Resource Files</Filter>
    </None>
    <None Include="res\bmp00010.bmp">
      <Filter>Resource Files</Filter>
    </None>
    <None Include="res\bmp00011.bmp">
      <Filter>Resource Files</Filter>
    </None>
    <None Include="res\bmp00012.bmp">
      <Filter>Resource Files</Filter>
    </None>
    <None Include="res\bmp00013.bmp">
      <Filter>Resource Files</Filter>
    </None>
    <None Include="res\bmp00014.bmp">
      <Filter>Resource Files</Filter>
    </None>
    <None Include="res\bmp00015.bmp">
      <Filter>Resource Files</Filter>
    </None>
    <None Include="res\bmp00016.bmp">
      <Filter>Resource Files</Filter>
    </None>
    <None Include="res\bmp00017.bmp">
      <Filter>Resource Files</Filter>
    </None>
    <None Include="res\bmp00018.bmp">
      <Filter>Resource Files</Filter>
    </None>
    <None Include="res\bmp00019.bmp">
      <Filter>Resource Files</Filter>
    </None>
    <None Include="res\bmp00020.bmp">
      <Filter>Resource Files</Filter>
    </None>
    <None Include="res\bmp00021.bmp">
      <Filter>Resource Files</Filter>
    </None>
    <None Include="res\bmp00022.bmp">
      <Filter>Resource Files</Filter>
    </None>
    <None Include="res\bmp00023.bmp">
      <Filter>Resource Files</Filter>
    </None>
    <None Include="res\bmp00024.bmp">
      <Filter>Resource Files</Filter>
    </None>
    <None Include="res\bmp00025.bmp">
      <Filter>Resource Files</Filter>
    </None>
    <None Include="res\bmp00026.bmp">
      <Filter>Resource Files</Filter>
    </None>
    <None Include="res\bmp00027.bmp">
      <Filter>Resource Files</Filter>
    </None>
    <None Include="res\bmp00028.bmp">
      <Filter>Resource Files</Filter>
    </None>
    <None Include="res\bmp00029.bmp">
      <Filter>Resource Files</Filter>
    </None>
    <None Include="res\bmp00030.bmp">
      <Filter>Resource Files</Filter>
    </None>
    <None Include="res\bmp00031.bmp">
      <Filter>Resource Files</Filter>
    </None>
    <None Include="res\bmp00032.bmp">
      <Filter>Resource Files</Filter>
    </None>
    <None Include="res\cursor1.cur">
      <Filter>Resource Files</Filter>
    </None>
    <None Include="res\icon1.ico">
      <Filter>Resource Files</Filter>
    </None>
    <None Include="res\LastLogonToolMFC.ico">
      <Filter>Resource Files</Filter>
    </None>
    <None Include="res\LastLogonToolMFC.rc2">
      <Filter>Resource Files</Filter>
    </None>
    <None Include="ReadMe.txt" />
  </ItemGroup>
  <ItemGroup>
    <ResourceCompile Include="LastLogonToolMFC.rc">
      <Filter>Resource Files</Filter>
    </ResourceCompile>
  </ItemGroup>
</Project>