Microsoft Visual Studio Solution File, Format Version 11.00
# Visual Studio 2010
Project("{8BC9CEB8-8B4A-11D0-8D11-00A0C91BC942}") = "simpledlg", "simpledlg\simpledlg.vcxproj", "{CDC917D3-0B03-40D2-BA8B-A0808A32347E}"
EndProject
Global
	GlobalSection(SolutionConfigurationPlatforms) = preSolution
		Debug|Win32 = Debug|Win32
		Release|Win32 = Release|Win32
	EndGlobalSection
	GlobalSection(ProjectConfigurationPlatforms) = postSolution
		{CDC917D3-0B03-40D2-BA8B-A0808A32347E}.Debug|Win32.ActiveCfg = Debug|Win32
		{CDC917D3-0B03-40D2-BA8B-A0808A32347E}.Debug|Win32.Build.0 = Debug|Win32
		{CDC917D3-0B03-40D2-BA8B-A0808A32347E}.Release|Win32.ActiveCfg = Release|Win32
		{CDC917D3-0B03-40D2-BA8B-A0808A32347E}.Release|Win32.Build.0 = Release|Win32
	EndGlobalSection
	GlobalSection(SolutionProperties) = preSolution
		HideSolutionNode = FALSE
	EndGlobalSection
EndGlobal
