
Microsoft Visual Studio Solution File, Format Version 11.00
# Visual Studio 2010
Project("{FAE04EC0-301F-11D3-BF4B-00C04F79EFBC}") = "FreeTool", "FreeTool\FreeTool.csproj", "{FFD2C962-88E4-46B1-A350-928486269ACA}"
EndProject
Project("{FAE04EC0-301F-11D3-BF4B-00C04F79EFBC}") = "TechCraftersFreeTool", "TechCraftersFreeTool\TechCraftersFreeTool.csproj", "{B8DC628C-1EAE-4982-B6C4-49CB224C1477}"
EndProject
Project("{FAE04EC0-301F-11D3-BF4B-00C04F79EFBC}") = "AD360FreeTool", "AD360FreeTool\AD360FreeTool.csproj", "{2DD9A0C5-C8A4-46B1-9E24-DD0DC4AF7472}"
EndProject
Global
	GlobalSection(SolutionConfigurationPlatforms) = preSolution
		Debug|Any CPU = Debug|Any CPU
		Debug|x86 = Debug|x86
		Release|Any CPU = Release|Any CPU
		Release|x86 = Release|x86
	EndGlobalSection
	GlobalSection(ProjectConfigurationPlatforms) = postSolution
		{FFD2C962-88E4-46B1-A350-928486269ACA}.Debug|Any CPU.ActiveCfg = Debug|Any CPU
		{FFD2C962-88E4-46B1-A350-928486269ACA}.Debug|Any CPU.Build.0 = Debug|Any CPU
		{FFD2C962-88E4-46B1-A350-928486269ACA}.Debug|x86.ActiveCfg = Debug|Any CPU
		{FFD2C962-88E4-46B1-A350-928486269ACA}.Release|Any CPU.ActiveCfg = Release|Any CPU
		{FFD2C962-88E4-46B1-A350-928486269ACA}.Release|Any CPU.Build.0 = Release|Any CPU
		{FFD2C962-88E4-46B1-A350-928486269ACA}.Release|x86.ActiveCfg = Release|x86
		{FFD2C962-88E4-46B1-A350-928486269ACA}.Release|x86.Build.0 = Release|x86
		{B8DC628C-1EAE-4982-B6C4-49CB224C1477}.Debug|Any CPU.ActiveCfg = Debug|Any CPU
		{B8DC628C-1EAE-4982-B6C4-49CB224C1477}.Debug|Any CPU.Build.0 = Debug|Any CPU
		{B8DC628C-1EAE-4982-B6C4-49CB224C1477}.Debug|x86.ActiveCfg = Debug|x86
		{B8DC628C-1EAE-4982-B6C4-49CB224C1477}.Debug|x86.Build.0 = Debug|x86
		{B8DC628C-1EAE-4982-B6C4-49CB224C1477}.Release|Any CPU.ActiveCfg = Release|Any CPU
		{B8DC628C-1EAE-4982-B6C4-49CB224C1477}.Release|Any CPU.Build.0 = Release|Any CPU
		{B8DC628C-1EAE-4982-B6C4-49CB224C1477}.Release|x86.ActiveCfg = Release|x86
		{B8DC628C-1EAE-4982-B6C4-49CB224C1477}.Release|x86.Build.0 = Release|x86
		{2DD9A0C5-C8A4-46B1-9E24-DD0DC4AF7472}.Debug|Any CPU.ActiveCfg = Debug|Any CPU
		{2DD9A0C5-C8A4-46B1-9E24-DD0DC4AF7472}.Debug|Any CPU.Build.0 = Debug|Any CPU
		{2DD9A0C5-C8A4-46B1-9E24-DD0DC4AF7472}.Debug|x86.ActiveCfg = Debug|Any CPU
		{2DD9A0C5-C8A4-46B1-9E24-DD0DC4AF7472}.Release|Any CPU.ActiveCfg = Release|Any CPU
		{2DD9A0C5-C8A4-46B1-9E24-DD0DC4AF7472}.Release|Any CPU.Build.0 = Release|Any CPU
		{2DD9A0C5-C8A4-46B1-9E24-DD0DC4AF7472}.Release|x86.ActiveCfg = Release|x86
		{2DD9A0C5-C8A4-46B1-9E24-DD0DC4AF7472}.Release|x86.Build.0 = Release|x86
	EndGlobalSection
	GlobalSection(SolutionProperties) = preSolution
		HideSolutionNode = FALSE
	EndGlobalSection
EndGlobal
